# THIS IS AN AUTOGENERATED FILE. DO NOT EDIT THIS FILE DIRECTLY.
# yarn lockfile v1


agent-base@6:
  version "6.0.2"
  resolved "https://registry.npmjs.org/agent-base/-/agent-base-6.0.2.tgz#49fff58577cfee3f37176feab4c22e00f86d7f77"
  integrity sha512-RZNwNclF7+MS/8bDg70amg32dyeZGZxiDuQmZxKLAlQjr3jGyLx+4Kkk58UO7D2QdgFIQCovuSuZESne6RG6XQ==
  dependencies:
    debug "4"

axios@^0.21.0:
  version "0.21.4"
  resolved "https://registry.npmjs.org/axios/-/axios-0.21.4.tgz#c67b90dc0568e5c1cf2b0b858c43ba28e2eda575"
  integrity sha512-ut5vewkiu8jjGBdqpM44XxjuCjq9LAKeHVmoVfHVzy8eHgxxq8SbAVQNovDA8mVi05kP0Ea/n/UzcSHcTJQfNg==
  dependencies:
    follow-redirects "^1.14.0"

axios@^0.25.0:
  version "0.25.0"
  resolved "https://registry.npmjs.org/axios/-/axios-0.25.0.tgz#349cfbb31331a9b4453190791760a8d35b093e0a"
  integrity sha512-cD8FOb0tRH3uuEe6+evtAbgJtfxr7ly3fQjYcMcuPlgkwVS9xboaVIpcDV+cYQe+yGykgwZCs1pzjntcGa6l5g==
  dependencies:
    follow-redirects "^1.14.7"

binance-futures-connector@^1.4.6:
  version "1.4.6"
  resolved "https://registry.npmjs.org/binance-futures-connector/-/binance-futures-connector-1.4.6.tgz#8085f9e78572808a9eb13d1f270a04bafdbf92a4"
  integrity sha512-H0XOAxwiCNTr6bPekTWIFPuY/6s0rUqg2WvkEYpqOm6cGZtZlH5bsbbeH/KRkn49IxQkJT6hZ9fcrwNF1T3JrQ==
  dependencies:
    axios "^0.25.0"
    decimal.js "^10.4.2"
    https-proxy-agent "^5.0.0"
    node-localstorage "^2.2.1"
    ws "^8.4.2"

bybit-api@^3.7.1:
  version "3.7.1"
  resolved "https://registry.npmjs.org/bybit-api/-/bybit-api-3.7.1.tgz#33ab8e026711fb545dbb5a0b9f0f18d5a5d88577"
  integrity sha512-aIvchxPswp6tIt82lA/AAslNPYIKD6jjWKOJ4/vuOZgZYUZHxPZv55YhFeSBE2R9oTGu5Nd0aRxIqSOXkYNpSQ==
  dependencies:
    axios "^0.21.0"
    isomorphic-ws "^4.0.1"
    ws "^7.4.0"

cron-parser@^4.2.0:
  version "4.8.1"
  resolved "https://registry.npmjs.org/cron-parser/-/cron-parser-4.8.1.tgz#47062ea63d21d78c10ddedb08ea4c5b6fc2750fb"
  integrity sha512-jbokKWGcyU4gl6jAfX97E1gDpY12DJ1cLJZmoDzaAln/shZ+S3KBFBuA2Q6WeUN4gJf/8klnV1EfvhA2lK5IRQ==
  dependencies:
    luxon "^3.2.1"

debug@4:
  version "4.3.4"
  resolved "https://registry.npmjs.org/debug/-/debug-4.3.4.tgz#1319f6579357f2338d3337d2cdd4914bb5dcc865"
  integrity sha512-PRWFHuSU3eDtQJPvnNY7Jcket1j0t5OuOsFzPPzsekD52Zl8qUfFIPEiswXqIvHWGVHOgX+7G/vCNNhehwxfkQ==
  dependencies:
    ms "2.1.2"

decimal.js@^10.4.2:
  version "10.4.3"
  resolved "https://registry.npmjs.org/decimal.js/-/decimal.js-10.4.3.tgz#1044092884d245d1b7f65725fa4ad4c6f781cc23"
  integrity sha512-VBBaLc1MgL5XpzgIP7ny5Z6Nx3UrRkIViUkPUdtl9aya5amy3De1gsUUSB1g3+3sExYNjCAsAznmukyxCb1GRA==

follow-redirects@^1.14.0, follow-redirects@^1.14.7:
  version "1.15.2"
  resolved "https://registry.npmjs.org/follow-redirects/-/follow-redirects-1.15.2.tgz#b460864144ba63f2681096f274c4e57026da2c13"
  integrity sha512-VQLG33o04KaQ8uYi2tVNbdrWp1QWxNNea+nmIB4EVM28v0hmP17z7aG1+wAkNzVq4KeXTq3221ye5qTJP91JwA==

graceful-fs@^4.1.11:
  version "4.2.11"
  resolved "https://registry.npmjs.org/graceful-fs/-/graceful-fs-4.2.11.tgz#4183e4e8bf08bb6e05bbb2f7d2e0c8f712ca40e3"
  integrity sha512-RbJ5/jmFcNNCcDV5o9eTnBLJ/HszWV0P73bc+Ff4nS/rJj+YaS6IGyiOL0VoBYX+l1Wrl3k63h/KrH+nhJ0XvQ==

https-proxy-agent@^5.0.0:
  version "5.0.1"
  resolved "https://registry.npmjs.org/https-proxy-agent/-/https-proxy-agent-5.0.1.tgz#c59ef224a04fe8b754f3db0063a25ea30d0005d6"
  integrity sha512-dFcAjpTQFgoLMzC2VwU+C/CbS7uRL0lWmxDITmqm7C+7F0Odmj6s9l6alZc6AELXhrnggM2CeWSXHGOdX2YtwA==
  dependencies:
    agent-base "6"
    debug "4"

imurmurhash@^0.1.4:
  version "0.1.4"
  resolved "https://registry.npmjs.org/imurmurhash/-/imurmurhash-0.1.4.tgz#9218b9b2b928a238b13dc4fb6b6d576f231453ea"
  integrity sha512-JmXMZ6wuvDmLiHEml9ykzqO6lwFbof0GG4IkcGaENdCRDDmMVnny7s5HsIgHCbaq0w2MyPhDqkhTUgS2LU2PHA==

isomorphic-ws@^4.0.1:
  version "4.0.1"
  resolved "https://registry.npmjs.org/isomorphic-ws/-/isomorphic-ws-4.0.1.tgz#55fd4cd6c5e6491e76dc125938dd863f5cd4f2dc"
  integrity sha512-BhBvN2MBpWTaSHdWRb/bwdZJ1WaehQ2L1KngkCkfLUGF0mAWAT1sQUQacEmQ0jXkFw/czDXPNQSL5u2/Krsz1w==

long-timeout@0.1.1:
  version "0.1.1"
  resolved "https://registry.npmjs.org/long-timeout/-/long-timeout-0.1.1.tgz#9721d788b47e0bcb5a24c2e2bee1a0da55dab514"
  integrity sha512-BFRuQUqc7x2NWxfJBCyUrN8iYUYznzL9JROmRz1gZ6KlOIgmoD+njPVbb+VNn2nGMKggMsK79iUNErillsrx7w==

luxon@^3.2.1:
  version "3.4.0"
  resolved "https://registry.npmjs.org/luxon/-/luxon-3.4.0.tgz#17cb754efecbf76994f05b2a3f1f91fad7ddfde7"
  integrity sha512-7eDo4Pt7aGhoCheGFIuq4Xa2fJm4ZpmldpGhjTYBNUYNCN6TIEP6v7chwwwt3KRp7YR+rghbfvjyo3V5y9hgBw==

ms@2.1.2:
  version "2.1.2"
  resolved "https://registry.npmjs.org/ms/-/ms-2.1.2.tgz#d09d1f357b443f493382a8eb3ccd183872ae6009"
  integrity sha512-sGkPx+VjMtmA6MX27oA4FBFELFCZZ4S4XqeGOXCv68tT+jb3vk/RyaKWP0PTKyWtmLSM0b+adUTEvbs1PEaH2w==

node-localstorage@^2.2.1:
  version "2.2.1"
  resolved "https://registry.npmjs.org/node-localstorage/-/node-localstorage-2.2.1.tgz#869723550a4883e426cb391d2df0b563a51c7c1c"
  integrity sha512-vv8fJuOUCCvSPjDjBLlMqYMHob4aGjkmrkaE42/mZr0VT+ZAU10jRF8oTnX9+pgU9/vYJ8P7YT3Vd6ajkmzSCw==
  dependencies:
    write-file-atomic "^1.1.4"

node-schedule@^2.1.1:
  version "2.1.1"
  resolved "https://registry.npmjs.org/node-schedule/-/node-schedule-2.1.1.tgz#6958b2c5af8834954f69bb0a7a97c62b97185de3"
  integrity sha512-OXdegQq03OmXEjt2hZP33W2YPs/E5BcFQks46+G2gAxs4gHOIVD1u7EqlYLYSKsaIpyKCK9Gbk0ta1/gjRSMRQ==
  dependencies:
    cron-parser "^4.2.0"
    long-timeout "0.1.1"
    sorted-array-functions "^1.3.0"

okx-api@^1.1.2:
  version "1.1.3"
  resolved "https://registry.npmjs.org/okx-api/-/okx-api-1.1.3.tgz#5f56dd454f47b88c2e488c01bce6b5d8114ccc18"
  integrity sha512-bjbLPaTcy7PT5nekIMZxCHFhk9zQAGzrAzMae259Tz8vI9dRX2H3gFF6a7B5yHTkrRgoPA8dhJrsm6YPOGHjlw==
  dependencies:
    axios "^0.21.0"
    isomorphic-ws "^4.0.1"
    ws "^7.4.0"

slide@^1.1.5:
  version "1.1.6"
  resolved "https://registry.npmjs.org/slide/-/slide-1.1.6.tgz#56eb027d65b4d2dce6cb2e2d32c4d4afc9e1d707"
  integrity sha512-NwrtjCg+lZoqhFU8fOwl4ay2ei8PaqCBOUV3/ektPY9trO1yQ1oXEfmHAhKArUVUr/hOHvy5f6AdP17dCM0zMw==

sorted-array-functions@^1.3.0:
  version "1.3.0"
  resolved "https://registry.npmjs.org/sorted-array-functions/-/sorted-array-functions-1.3.0.tgz#8605695563294dffb2c9796d602bd8459f7a0dd5"
  integrity sha512-2sqgzeFlid6N4Z2fUQ1cvFmTOLRi/sEDzSQ0OKYchqgoPmQBVyM3959qYx3fpS6Esef80KjmpgPeEr028dP3OA==

write-file-atomic@^1.1.4:
  version "1.3.4"
  resolved "https://registry.npmjs.org/write-file-atomic/-/write-file-atomic-1.3.4.tgz#f807a4f0b1d9e913ae7a48112e6cc3af1991b45f"
  integrity sha512-SdrHoC/yVBPpV0Xq/mUZQIpW2sWXAShb/V4pomcJXh92RuaO+f3UTWItiR3Px+pLnV2PvC2/bfn5cwr5X6Vfxw==
  dependencies:
    graceful-fs "^4.1.11"
    imurmurhash "^0.1.4"
    slide "^1.1.5"

ws@^7.4.0:
  version "7.5.9"
  resolved "https://registry.npmjs.org/ws/-/ws-7.5.9.tgz#54fa7db29f4c7cec68b1ddd3a89de099942bb591"
  integrity sha512-F+P9Jil7UiSKSkppIiD94dN07AwvFixvLIj1Og1Rl9GGMuNipJnV9JzjD6XuqmAeiswGvUmNLjr5cFuXwNS77Q==

ws@^8.4.2:
  version "8.13.0"
  resolved "https://registry.npmjs.org/ws/-/ws-8.13.0.tgz#9a9fb92f93cf41512a0735c8f4dd09b8a1211cd0"
  integrity sha512-x9vcZYTrFPC7aSIbj7sRCYo7L/Xb8Iy+pW0ng0wt2vCJv7M9HOMy0UoN3rr+IFC7hb7vXoqS+P9ktyLLLhO+LA==
